
Microsoft Visual Studio Solution File, Format Version 12.00
# Visual Studio 15
VisualStudioVersion = 15.0.27004.2002
MinimumVisualStudioVersion = 10.0.40219.1
Project("{FAE04EC0-301F-11D3-BF4B-00C04F79EFBC}") = "DynamixelServo.TestConsole", "DynamixelServo.TestConsole\DynamixelServo.TestConsole.csproj", "{6DE6B5D4-945B-45D8-9102-3544D9AFC2A5}"
EndProject
Project("{FAE04EC0-301F-11D3-BF4B-00C04F79EFBC}") = "DynamixelServo.Driver", "DynamixelServo.Driver\DynamixelServo.Driver.csproj", "{2BA02977-C3B1-4C06-9DA4-1D746A8181CA}"
EndProject
Project("{FAE04EC0-301F-11D3-BF4B-00C04F79EFBC}") = "DynamixelServo.Quadruped", "DynamixelServo.Quadruped\DynamixelServo.Quadruped.csproj", "{B0800974-7421-45BA-B7F8-9223C3AF9B3F}"
EndProject
Project("{FAE04EC0-301F-11D3-BF4B-00C04F79EFBC}") = "DynamixelServo.Quadruped.Tests", "DynamixelServo.Quadruped.Tests\DynamixelServo.Quadruped.Tests.csproj", "{0C7195D5-53A4-4718-8B26-54AB9E2572D7}"
EndProject
Global
	GlobalSection(SolutionConfigurationPlatforms) = preSolution
		Debug|Any CPU = Debug|Any CPU
		Release|Any CPU = Release|Any CPU
	EndGlobalSection
	GlobalSection(ProjectConfigurationPlatforms) = postSolution
		{6DE6B5D4-945B-45D8-9102-3544D9AFC2A5}.Debug|Any CPU.ActiveCfg = Debug|Any CPU
		{6DE6B5D4-945B-45D8-9102-3544D9AFC2A5}.Debug|Any CPU.Build.0 = Debug|Any CPU
		{6DE6B5D4-945B-45D8-9102-3544D9AFC2A5}.Release|Any CPU.ActiveCfg = Release|Any CPU
		{6DE6B5D4-945B-45D8-9102-3544D9AFC2A5}.Release|Any CPU.Build.0 = Release|Any CPU
		{2BA02977-C3B1-4C06-9DA4-1D746A8181CA}.Debug|Any CPU.ActiveCfg = Debug|Any CPU
		{2BA02977-C3B1-4C06-9DA4-1D746A8181CA}.Debug|Any CPU.Build.0 = Debug|Any CPU
		{2BA02977-C3B1-4C06-9DA4-1D746A8181CA}.Release|Any CPU.ActiveCfg = Release|Any CPU
		{2BA02977-C3B1-4C06-9DA4-1D746A8181CA}.Release|Any CPU.Build.0 = Release|Any CPU
		{B0800974-7421-45BA-B7F8-9223C3AF9B3F}.Debug|Any CPU.ActiveCfg = Debug|Any CPU
		{B0800974-7421-45BA-B7F8-9223C3AF9B3F}.Debug|Any CPU.Build.0 = Debug|Any CPU
		{B0800974-7421-45BA-B7F8-9223C3AF9B3F}.Release|Any CPU.ActiveCfg = Release|Any CPU
		{B0800974-7421-45BA-B7F8-9223C3AF9B3F}.Release|Any CPU.Build.0 = Release|Any CPU
		{0C7195D5-53A4-4718-8B26-54AB9E2572D7}.Debug|Any CPU.ActiveCfg = Debug|Any CPU
		{0C7195D5-53A4-4718-8B26-54AB9E2572D7}.Debug|Any CPU.Build.0 = Debug|Any CPU
		{0C7195D5-53A4-4718-8B26-54AB9E2572D7}.Release|Any CPU.ActiveCfg = Release|Any CPU
		{0C7195D5-53A4-4718-8B26-54AB9E2572D7}.Release|Any CPU.Build.0 = Release|Any CPU
	EndGlobalSection
	GlobalSection(SolutionProperties) = preSolution
		HideSolutionNode = FALSE
	EndGlobalSection
	GlobalSection(ExtensibilityGlobals) = postSolution
		SolutionGuid = {64AC5577-870F-4F2D-BFAC-B93408F52A0A}
	EndGlobalSection
EndGlobal
